// !$*UTF8*$!
{
	archiveVersion = 1;
	classes = {
	};
	objectVersion = 42;
	objects = {

/* Begin PBXBuildFile section */
		7F36276E0B8521EE0020679E /* GTResourceFork.m in Sources */ = {isa = PBXBuildFile; fileRef = 7F3627650B8521EE0020679E /* GTResourceFork.m */; };
		7F3627710B8521EE0020679E /* IconFamily.m in Sources */ = {isa = PBXBuildFile; fileRef = 7F36276B0B8521EE0020679E /* IconFamily.m */; };
		7F3627720B8521EE0020679E /* NSString+CarbonFSRefCreation.m in Sources */ = {isa = PBXBuildFile; fileRef = 7F36276D0B8521EE0020679E /* NSString+CarbonFSRefCreation.m */; };
		7F3DBDBE0B44302F00A48059 /* Carbon.framework in Frameworks */ = {isa = PBXBuildFile; fileRef = 7F8221370B3606FC0015E567 /* Carbon.framework */; };
		7F3DBDBF0B44303000A48059 /* Cocoa.framework in Frameworks */ = {isa = PBXBuildFile; fileRef = 7F8221300B3606F10015E567 /* Cocoa.framework */; };
		7F3DBDC00B44303100A48059 /* Foundation.framework in Frameworks */ = {isa = PBXBuildFile; fileRef = 08FB779EFE84155DC02AAC07 /* Foundation.framework */; };
		7F3DBDC10B44303200A48059 /* libfuse.dylib in Frameworks */ = {isa = PBXBuildFile; fileRef = 7F72D5120B27A73D0062C963 /* libfuse.dylib */; };
		7F745C9F0B4483B00050FC78 /* DiskArbitration.framework in Frameworks */ = {isa = PBXBuildFile; fileRef = 7F745C9E0B4483B00050FC78 /* DiskArbitration.framework */; };
		7F74EF2D0B4C1BEC00CFA0C0 /* iTunesFileSystem.m in Sources */ = {isa = PBXBuildFile; fileRef = 7F74EF2C0B4C1BEC00CFA0C0 /* iTunesFileSystem.m */; };
		7FEAC1D10B446B70008EF420 /* FUSEFileSystem.m in Sources */ = {isa = PBXBuildFile; fileRef = 7FEAC1C50B446B70008EF420 /* FUSEFileSystem.m */; };
		7FEAC1D30B446B70008EF420 /* FUSEMain.m in Sources */ = {isa = PBXBuildFile; fileRef = 7FEAC1C80B446B70008EF420 /* FUSEMain.m */; };
		AD37A2040C01C58000DF1291 /* MainMenu.nib in Resources */ = {isa = PBXBuildFile; fileRef = AD37A2030C01C58000DF1291 /* MainMenu.nib */; };
		AD37A2970C01C87E00DF1291 /* iTunesLibrary.m in Sources */ = {isa = PBXBuildFile; fileRef = AD37A2960C01C87E00DF1291 /* iTunesLibrary.m */; };
		ADBDA9200C02CF48004CF795 /* Version in Resources */ = {isa = PBXBuildFile; fileRef = ADBDA91F0C02CF48004CF795 /* Version */; };
		ADBDA9CC0C02E7A5004CF795 /* iTunesFS.icns in Resources */ = {isa = PBXBuildFile; fileRef = ADBDA9CB0C02E7A5004CF795 /* iTunesFS.icns */; };
		ADBDAB460C02FAC8004CF795 /* InfoPlist.strings in Resources */ = {isa = PBXBuildFile; fileRef = ADBDAB450C02FAC8004CF795 /* InfoPlist.strings */; };
/* End PBXBuildFile section */

/* Begin PBXFileReference section */
		08FB779EFE84155DC02AAC07 /* Foundation.framework */ = {isa = PBXFileReference; lastKnownFileType = wrapper.framework; name = Foundation.framework; path = /System/Library/Frameworks/Foundation.framework; sourceTree = "<absolute>"; };
		32A70AAB03705E1F00C91783 /* common.h */ = {isa = PBXFileReference; fileEncoding = 4; lastKnownFileType = sourcecode.c.h; path = common.h; sourceTree = "<group>"; };
		7F3627640B8521EE0020679E /* GTResourceFork.h */ = {isa = PBXFileReference; fileEncoding = 30; lastKnownFileType = sourcecode.c.h; path = GTResourceFork.h; sourceTree = "<group>"; };
		7F3627650B8521EE0020679E /* GTResourceFork.m */ = {isa = PBXFileReference; fileEncoding = 30; lastKnownFileType = sourcecode.c.objc; path = GTResourceFork.m; sourceTree = "<group>"; };
		7F36276A0B8521EE0020679E /* IconFamily.h */ = {isa = PBXFileReference; fileEncoding = 30; lastKnownFileType = sourcecode.c.h; path = IconFamily.h; sourceTree = "<group>"; };
		7F36276B0B8521EE0020679E /* IconFamily.m */ = {isa = PBXFileReference; fileEncoding = 30; lastKnownFileType = sourcecode.c.objc; path = IconFamily.m; sourceTree = "<group>"; };
		7F36276C0B8521EE0020679E /* NSString+CarbonFSRefCreation.h */ = {isa = PBXFileReference; fileEncoding = 30; lastKnownFileType = sourcecode.c.h; path = "NSString+CarbonFSRefCreation.h"; sourceTree = "<group>"; };
		7F36276D0B8521EE0020679E /* NSString+CarbonFSRefCreation.m */ = {isa = PBXFileReference; fileEncoding = 30; lastKnownFileType = sourcecode.c.objc; path = "NSString+CarbonFSRefCreation.m"; sourceTree = "<group>"; };
		7F3DBD050B4422C200A48059 /* iTunesFS.app */ = {isa = PBXFileReference; explicitFileType = wrapper.application; includeInIndex = 0; path = iTunesFS.app; sourceTree = BUILT_PRODUCTS_DIR; };
		7F3DBD070B4422C200A48059 /* Info.plist */ = {isa = PBXFileReference; lastKnownFileType = text.xml; name = Info.plist; path = ../Info.plist; sourceTree = "<group>"; };
		7F72D5120B27A73D0062C963 /* libfuse.dylib */ = {isa = PBXFileReference; lastKnownFileType = "compiled.mach-o.dylib"; name = libfuse.dylib; path = /usr/local/lib/libfuse.dylib; sourceTree = "<absolute>"; };
		7F72D51B0B27A7550062C963 /* fuse.h */ = {isa = PBXFileReference; fileEncoding = 30; lastKnownFileType = sourcecode.c.h; name = fuse.h; path = /usr/local/include/fuse.h; sourceTree = "<absolute>"; };
		7F745C9E0B4483B00050FC78 /* DiskArbitration.framework */ = {isa = PBXFileReference; lastKnownFileType = wrapper.framework; name = DiskArbitration.framework; path = /System/Library/Frameworks/DiskArbitration.framework; sourceTree = "<absolute>"; };
		7F74EF2B0B4C1BEC00CFA0C0 /* iTunesFileSystem.h */ = {isa = PBXFileReference; fileEncoding = 30; lastKnownFileType = sourcecode.c.h; path = iTunesFileSystem.h; sourceTree = "<group>"; };
		7F74EF2C0B4C1BEC00CFA0C0 /* iTunesFileSystem.m */ = {isa = PBXFileReference; fileEncoding = 30; lastKnownFileType = sourcecode.c.objc; path = iTunesFileSystem.m; sourceTree = "<group>"; };
		7F8221300B3606F10015E567 /* Cocoa.framework */ = {isa = PBXFileReference; lastKnownFileType = wrapper.framework; name = Cocoa.framework; path = /System/Library/Frameworks/Cocoa.framework; sourceTree = "<absolute>"; };
		7F8221370B3606FC0015E567 /* Carbon.framework */ = {isa = PBXFileReference; lastKnownFileType = wrapper.framework; name = Carbon.framework; path = /System/Library/Frameworks/Carbon.framework; sourceTree = "<absolute>"; };
		7FEAC1C40B446B70008EF420 /* FUSEFileSystem.h */ = {isa = PBXFileReference; fileEncoding = 30; lastKnownFileType = sourcecode.c.h; path = FUSEFileSystem.h; sourceTree = "<group>"; };
		7FEAC1C50B446B70008EF420 /* FUSEFileSystem.m */ = {isa = PBXFileReference; fileEncoding = 30; lastKnownFileType = sourcecode.c.objc; path = FUSEFileSystem.m; sourceTree = "<group>"; };
		7FEAC1C80B446B70008EF420 /* FUSEMain.m */ = {isa = PBXFileReference; fileEncoding = 30; lastKnownFileType = sourcecode.c.objc; path = FUSEMain.m; sourceTree = "<group>"; };
		AD37A1FB0C01C57400DF1291 /* English */ = {isa = PBXFileReference; lastKnownFileType = wrapper.nib; name = English; path = English.lproj/MainMenu.nib; sourceTree = "<group>"; };
		AD37A2950C01C87E00DF1291 /* iTunesLibrary.h */ = {isa = PBXFileReference; fileEncoding = 4; lastKnownFileType = sourcecode.c.h; path = iTunesLibrary.h; sourceTree = "<group>"; };
		AD37A2960C01C87E00DF1291 /* iTunesLibrary.m */ = {isa = PBXFileReference; fileEncoding = 4; lastKnownFileType = sourcecode.c.objc; path = iTunesLibrary.m; sourceTree = "<group>"; };
		AD37A2BE0C01CFA800DF1291 /* README */ = {isa = PBXFileReference; fileEncoding = 4; lastKnownFileType = text; path = README; sourceTree = "<group>"; };
		AD37A2C20C01CFB400DF1291 /* NOTES */ = {isa = PBXFileReference; fileEncoding = 4; lastKnownFileType = text; path = NOTES; sourceTree = "<group>"; };
		ADBDA9170C02CF28004CF795 /* AUTHORS */ = {isa = PBXFileReference; fileEncoding = 4; lastKnownFileType = text; path = AUTHORS; sourceTree = "<group>"; };
		ADBDA91F0C02CF48004CF795 /* Version */ = {isa = PBXFileReference; fileEncoding = 4; lastKnownFileType = text; path = Version; sourceTree = "<group>"; };
		ADBDA9310C02CFA0004CF795 /* COPYING */ = {isa = PBXFileReference; fileEncoding = 5; lastKnownFileType = text; path = COPYING; sourceTree = "<group>"; };
		ADBDA9320C02CFA0004CF795 /* COPYRIGHT */ = {isa = PBXFileReference; fileEncoding = 5; lastKnownFileType = text; path = COPYRIGHT; sourceTree = "<group>"; };
		ADBDA9CB0C02E7A5004CF795 /* iTunesFS.icns */ = {isa = PBXFileReference; lastKnownFileType = image.icns; path = iTunesFS.icns; sourceTree = "<group>"; };
		ADBDAB050C02F678004CF795 /* create-itunesfs-binary-package.sh */ = {isa = PBXFileReference; fileEncoding = 5; lastKnownFileType = text.script.sh; path = "create-itunesfs-binary-package.sh"; sourceTree = "<group>"; };
		ADBDAB410C02FAC3004CF795 /* English */ = {isa = PBXFileReference; fileEncoding = 4; lastKnownFileType = text.plist.strings; name = English; path = English.lproj/InfoPlist.strings; sourceTree = "<group>"; };
/* End PBXFileReference section */

/* Begin PBXFrameworksBuildPhase section */
		7F3DBD030B4422C200A48059 /* Frameworks */ = {
			isa = PBXFrameworksBuildPhase;
			buildActionMask = 2147483647;
			files = (
				7F3DBDBE0B44302F00A48059 /* Carbon.framework in Frameworks */,
				7F3DBDBF0B44303000A48059 /* Cocoa.framework in Frameworks */,
				7F3DBDC00B44303100A48059 /* Foundation.framework in Frameworks */,
				7F3DBDC10B44303200A48059 /* libfuse.dylib in Frameworks */,
				7F745C9F0B4483B00050FC78 /* DiskArbitration.framework in Frameworks */,
			);
			runOnlyForDeploymentPostprocessing = 0;
		};
/* End PBXFrameworksBuildPhase section */

/* Begin PBXGroup section */
		08FB7794FE84155DC02AAC07 /* QSFuse */ = {
			isa = PBXGroup;
			children = (
				AD37A2BE0C01CFA800DF1291 /* README */,
				AD37A2C20C01CFB400DF1291 /* NOTES */,
				ADBDA9170C02CF28004CF795 /* AUTHORS */,
				ADBDA9310C02CFA0004CF795 /* COPYING */,
				ADBDA9320C02CFA0004CF795 /* COPYRIGHT */,
				ADBDA91F0C02CF48004CF795 /* Version */,
				08FB7795FE84155DC02AAC07 /* Source */,
				7FEA82C10B456A36001441DE /* Resources */,
				7FEAC1C30B446B70008EF420 /* FUSEObjC */,
				ADBDAB040C02F664004CF795 /* Scripts */,
				08FB779DFE84155DC02AAC07 /* External Frameworks and Libraries */,
				1AB674ADFE9D54B511CA2CBB /* Products */,
			);
			name = QSFuse;
			sourceTree = "<group>";
		};
		08FB7795FE84155DC02AAC07 /* Source */ = {
			isa = PBXGroup;
			children = (
				7F72D51B0B27A7550062C963 /* fuse.h */,
				32A70AAB03705E1F00C91783 /* common.h */,
				7F74EF2B0B4C1BEC00CFA0C0 /* iTunesFileSystem.h */,
				7F74EF2C0B4C1BEC00CFA0C0 /* iTunesFileSystem.m */,
				AD37A2950C01C87E00DF1291 /* iTunesLibrary.h */,
				AD37A2960C01C87E00DF1291 /* iTunesLibrary.m */,
			);
			name = Source;
			sourceTree = "<group>";
		};
		08FB779DFE84155DC02AAC07 /* External Frameworks and Libraries */ = {
			isa = PBXGroup;
			children = (
				7F745C9E0B4483B00050FC78 /* DiskArbitration.framework */,
				7F72D5120B27A73D0062C963 /* libfuse.dylib */,
				7F8221370B3606FC0015E567 /* Carbon.framework */,
				7F8221300B3606F10015E567 /* Cocoa.framework */,
				08FB779EFE84155DC02AAC07 /* Foundation.framework */,
			);
			name = "External Frameworks and Libraries";
			sourceTree = "<group>";
		};
		1AB674ADFE9D54B511CA2CBB /* Products */ = {
			isa = PBXGroup;
			children = (
				7F3DBD050B4422C200A48059 /* iTunesFS.app */,
			);
			name = Products;
			sourceTree = "<group>";
		};
		7F3627620B8521EE0020679E /* external */ = {
			isa = PBXGroup;
			children = (
				7F3627630B8521EE0020679E /* GTResourceFork */,
				7F3627660B8521EE0020679E /* IconFamily */,
			);
			path = external;
			sourceTree = "<group>";
		};
		7F3627630B8521EE0020679E /* GTResourceFork */ = {
			isa = PBXGroup;
			children = (
				7F3627640B8521EE0020679E /* GTResourceFork.h */,
				7F3627650B8521EE0020679E /* GTResourceFork.m */,
			);
			path = GTResourceFork;
			sourceTree = "<group>";
		};
		7F3627660B8521EE0020679E /* IconFamily */ = {
			isa = PBXGroup;
			children = (
				7F36276A0B8521EE0020679E /* IconFamily.h */,
				7F36276B0B8521EE0020679E /* IconFamily.m */,
				7F36276C0B8521EE0020679E /* NSString+CarbonFSRefCreation.h */,
				7F36276D0B8521EE0020679E /* NSString+CarbonFSRefCreation.m */,
			);
			path = IconFamily;
			sourceTree = "<group>";
		};
		7FEA82C10B456A36001441DE /* Resources */ = {
			isa = PBXGroup;
			children = (
				AD37A2030C01C58000DF1291 /* MainMenu.nib */,
				ADBDA9CB0C02E7A5004CF795 /* iTunesFS.icns */,
				7F3DBD070B4422C200A48059 /* Info.plist */,
				ADBDAB450C02FAC8004CF795 /* InfoPlist.strings */,
			);
			path = Resources;
			sourceTree = "<group>";
		};
		7FEAC1C30B446B70008EF420 /* FUSEObjC */ = {
			isa = PBXGroup;
			children = (
				7FEAC1C80B446B70008EF420 /* FUSEMain.m */,
				7FEAC1C40B446B70008EF420 /* FUSEFileSystem.h */,
				7FEAC1C50B446B70008EF420 /* FUSEFileSystem.m */,
				7F3627620B8521EE0020679E /* external */,
			);
			path = FUSEObjC;
			sourceTree = "<group>";
		};
		ADBDAB040C02F664004CF795 /* Scripts */ = {
			isa = PBXGroup;
			children = (
				ADBDAB050C02F678004CF795 /* create-itunesfs-binary-package.sh */,
			);
			name = Scripts;
			sourceTree = "<group>";
		};
/* End PBXGroup section */

/* Begin PBXNativeTarget section */
		7F3DBD040B4422C200A48059 /* iTunes */ = {
			isa = PBXNativeTarget;
			buildConfigurationList = 7F3DBD080B4422C300A48059 /* Build configuration list for PBXNativeTarget "iTunes" */;
			buildPhases = (
				7F3DBE0B0B44325A00A48059 /* ShellScript */,
				7F3DBD010B4422C200A48059 /* Resources */,
				7F3DBD020B4422C200A48059 /* Sources */,
				7F3DBD030B4422C200A48059 /* Frameworks */,
			);
			buildRules = (
			);
			dependencies = (
			);
			name = iTunes;
			productName = "Google Docs FS";
			productReference = 7F3DBD050B4422C200A48059 /* iTunesFS.app */;
			productType = "com.apple.product-type.application";
		};
/* End PBXNativeTarget section */

/* Begin PBXProject section */
		08FB7793FE84155DC02AAC07 /* Project object */ = {
			isa = PBXProject;
			buildConfigurationList = 1DEB927808733DD40010E9CD /* Build configuration list for PBXProject "iTunesFS" */;
			hasScannedForEncodings = 1;
			mainGroup = 08FB7794FE84155DC02AAC07 /* QSFuse */;
			projectDirPath = "";
			targets = (
				7F3DBD040B4422C200A48059 /* iTunes */,
			);
		};
/* End PBXProject section */

/* Begin PBXResourcesBuildPhase section */
		7F3DBD010B4422C200A48059 /* Resources */ = {
			isa = PBXResourcesBuildPhase;
			buildActionMask = 2147483647;
			files = (
				AD37A2040C01C58000DF1291 /* MainMenu.nib in Resources */,
				ADBDA9200C02CF48004CF795 /* Version in Resources */,
				ADBDA9CC0C02E7A5004CF795 /* iTunesFS.icns in Resources */,
				ADBDAB460C02FAC8004CF795 /* InfoPlist.strings in Resources */,
			);
			runOnlyForDeploymentPostprocessing = 0;
		};
/* End PBXResourcesBuildPhase section */

/* Begin PBXShellScriptBuildPhase section */
		7F3DBE0B0B44325A00A48059 /* ShellScript */ = {
			isa = PBXShellScriptBuildPhase;
			buildActionMask = 2147483647;
			files = (
			);
			inputPaths = (
			);
			outputPaths = (
			);
			runOnlyForDeploymentPostprocessing = 0;
			shellPath = /bin/sh;
			shellScript = "umount /Volumes/Hello\nmkdir -p /Volumes/Hello\nexit 0";
		};
/* End PBXShellScriptBuildPhase section */

/* Begin PBXSourcesBuildPhase section */
		7F3DBD020B4422C200A48059 /* Sources */ = {
			isa = PBXSourcesBuildPhase;
			buildActionMask = 2147483647;
			files = (
				7FEAC1D10B446B70008EF420 /* FUSEFileSystem.m in Sources */,
				7FEAC1D30B446B70008EF420 /* FUSEMain.m in Sources */,
				7F74EF2D0B4C1BEC00CFA0C0 /* iTunesFileSystem.m in Sources */,
				7F36276E0B8521EE0020679E /* GTResourceFork.m in Sources */,
				7F3627710B8521EE0020679E /* IconFamily.m in Sources */,
				7F3627720B8521EE0020679E /* NSString+CarbonFSRefCreation.m in Sources */,
				AD37A2970C01C87E00DF1291 /* iTunesLibrary.m in Sources */,
			);
			runOnlyForDeploymentPostprocessing = 0;
		};
/* End PBXSourcesBuildPhase section */

/* Begin PBXVariantGroup section */
		AD37A2030C01C58000DF1291 /* MainMenu.nib */ = {
			isa = PBXVariantGroup;
			children = (
				AD37A1FB0C01C57400DF1291 /* English */,
			);
			name = MainMenu.nib;
			sourceTree = "<group>";
		};
		ADBDAB450C02FAC8004CF795 /* InfoPlist.strings */ = {
			isa = PBXVariantGroup;
			children = (
				ADBDAB410C02FAC3004CF795 /* English */,
			);
			name = InfoPlist.strings;
			sourceTree = "<group>";
		};
/* End PBXVariantGroup section */

/* Begin XCBuildConfiguration section */
		1DEB927908733DD40010E9CD /* Debug */ = {
			isa = XCBuildConfiguration;
			buildSettings = {
				GCC_ENABLE_OBJC_EXCEPTIONS = YES;
				GCC_TREAT_WARNINGS_AS_ERRORS = YES;
				GCC_WARN_ABOUT_RETURN_TYPE = YES;
				GCC_WARN_UNUSED_VARIABLE = YES;
				LIBRARY_SEARCH_PATHS = /usr/local/lib;
				MOUNT_POINT = /tmp/docsfs;
				OTHER_CFLAGS = (
					"$(inherited)",
					"-lfuse",
					"-D_FILE_OFFSET_BITS=64",
					"-std=c99",
				);
				PREBINDING = NO;
				SDKROOT = /Developer/SDKs/MacOSX10.4u.sdk;
			};
			name = Debug;
		};
		1DEB927A08733DD40010E9CD /* Release */ = {
			isa = XCBuildConfiguration;
			buildSettings = {
				GCC_ENABLE_OBJC_EXCEPTIONS = YES;
				GCC_TREAT_WARNINGS_AS_ERRORS = YES;
				GCC_WARN_ABOUT_RETURN_TYPE = YES;
				GCC_WARN_UNUSED_VARIABLE = YES;
				LIBRARY_SEARCH_PATHS = /usr/local/lib;
				MOUNT_POINT = /tmp/docsfs;
				OTHER_CFLAGS = (
					"$(inherited)",
					"-lfuse",
					"-D_FILE_OFFSET_BITS=64",
					"-std=c99",
				);
				PREBINDING = NO;
				SDKROOT = /Developer/SDKs/MacOSX10.4u.sdk;
			};
			name = Release;
		};
		7F3DBD090B4422C300A48059 /* Debug */ = {
			isa = XCBuildConfiguration;
			buildSettings = {
				COPY_PHASE_STRIP = NO;
				GCC_DYNAMIC_NO_PIC = NO;
				GCC_GENERATE_DEBUGGING_SYMBOLS = YES;
				GCC_MODEL_TUNING = G5;
				GCC_OPTIMIZATION_LEVEL = 0;
				GCC_PRECOMPILE_PREFIX_HEADER = YES;
				GCC_PREFIX_HEADER = common.h;
				INFOPLIST_FILE = Info.plist;
				INSTALL_PATH = "$(HOME)/Applications";
				OTHER_LDFLAGS = (
					"-framework",
					Foundation,
					"-framework",
					AppKit,
				);
				PREBINDING = NO;
				PRODUCT_NAME = iTunesFS;
				WRAPPER_EXTENSION = app;
			};
			name = Debug;
		};
		7F3DBD0A0B4422C300A48059 /* Release */ = {
			isa = XCBuildConfiguration;
			buildSettings = {
				ARCHS = (
					ppc,
					i386,
				);
				COPY_PHASE_STRIP = YES;
				DEBUGGING_SYMBOLS = NO;
				DEPLOYMENT_LOCATION = YES;
				DEPLOYMENT_POSTPROCESSING = YES;
				DSTROOT = /;
				GCC_ENABLE_FIX_AND_CONTINUE = NO;
				GCC_GENERATE_DEBUGGING_SYMBOLS = NO;
				GCC_MODEL_TUNING = G5;
				GCC_PRECOMPILE_PREFIX_HEADER = YES;
				GCC_PREFIX_HEADER = common.h;
				INFOPLIST_FILE = Info.plist;
				INSTALL_MODE_FLAG = "go-w,a+rX,u+w";
				INSTALL_PATH = "$(HOME)/Applications";
				MACOSX_DEPLOYMENT_TARGET = 10.4;
				OTHER_LDFLAGS = (
					"-framework",
					Foundation,
					"-framework",
					AppKit,
				);
				PREBINDING = NO;
				PRODUCT_NAME = iTunesFS;
				SDKROOT = /Developer/SDKs/MacOSX10.4u.sdk;
				SYMROOT = /tmp/MulleDeploymentProducts;
				TEMP_DIR = "$(SYMROOT)/$(PROJECT_NAME).build/$(TARGET_NAME).build";
				WRAPPER_EXTENSION = app;
				ZERO_LINK = NO;
			};
			name = Release;
		};
/* End XCBuildConfiguration section */

/* Begin XCConfigurationList section */
		1DEB927808733DD40010E9CD /* Build configuration list for PBXProject "iTunesFS" */ = {
			isa = XCConfigurationList;
			buildConfigurations = (
				1DEB927908733DD40010E9CD /* Debug */,
				1DEB927A08733DD40010E9CD /* Release */,
			);
			defaultConfigurationIsVisible = 0;
			defaultConfigurationName = Release;
		};
		7F3DBD080B4422C300A48059 /* Build configuration list for PBXNativeTarget "iTunes" */ = {
			isa = XCConfigurationList;
			buildConfigurations = (
				7F3DBD090B4422C300A48059 /* Debug */,
				7F3DBD0A0B4422C300A48059 /* Release */,
			);
			defaultConfigurationIsVisible = 0;
			defaultConfigurationName = Release;
		};
/* End XCConfigurationList section */
	};
	rootObject = 08FB7793FE84155DC02AAC07 /* Project object */;
}
